// !$*UTF8*$!
{
	archiveVersion = 1;
	classes = {
	};
	objectVersion = 50;
	objects = {

/* Begin PBXBuildFile section */
		3401D3A625CFECCC00F9FCD5 /* TemperatureConverterViewController.swift in Sources */ = {isa = PBXBuildFile; fileRef = 3401D3A525CFECCC00F9FCD5 /* TemperatureConverterViewController.swift */; };
		3401D3AC25CFED1600F9FCD5 /* LiquidConverterViewController.swift in Sources */ = {isa = PBXBuildFile; fileRef = 3401D3AB25CFED1600F9FCD5 /* LiquidConverterViewController.swift */; };
		3401D3AF25CFED3600F9FCD5 /* LengthConverterViewController.swift in Sources */ = {isa = PBXBuildFile; fileRef = 3401D3AE25CFED3600F9FCD5 /* LengthConverterViewController.swift */; };
		3401D3B225CFED6A00F9FCD5 /* SpeedConverterViewController.swift in Sources */ = {isa = PBXBuildFile; fileRef = 3401D3B125CFED6A00F9FCD5 /* SpeedConverterViewController.swift */; };
		340A383A25E0271000B94F66 /* SpeedUnits.swift in Sources */ = {isa = PBXBuildFile; fileRef = 340A383925E0271000B94F66 /* SpeedUnits.swift */; };
		340A383E25E0CD8500B94F66 /* HistoryEntry.swift in Sources */ = {isa = PBXBuildFile; fileRef = 340A383D25E0CD8500B94F66 /* HistoryEntry.swift */; };
		340A384225E11A2E00B94F66 /* HistorySingleViewController.swift in Sources */ = {isa = PBXBuildFile; fileRef = 340A384125E11A2E00B94F66 /* HistorySingleViewController.swift */; };
		340A384625E15AC100B94F66 /* LiquidUnits.swift in Sources */ = {isa = PBXBuildFile; fileRef = 340A384525E15AC100B94F66 /* LiquidUnits.swift */; };
		340A384C25E3677800B94F66 /* TabBarViewController.swift in Sources */ = {isa = PBXBuildFile; fileRef = 340A384B25E3677800B94F66 /* TabBarViewController.swift */; };
		344245DA25E4A52F000FBD45 /* HistoryViewController.swift in Sources */ = {isa = PBXBuildFile; fileRef = 34D573F525CFCE1100DBEE99 /* HistoryViewController.swift */; };
		34948A5625CFAC6B00C16FD6 /* AppDelegate.swift in Sources */ = {isa = PBXBuildFile; fileRef = 34948A5525CFAC6B00C16FD6 /* AppDelegate.swift */; };
		34948A5825CFAC6B00C16FD6 /* SceneDelegate.swift in Sources */ = {isa = PBXBuildFile; fileRef = 34948A5725CFAC6B00C16FD6 /* SceneDelegate.swift */; };
		34948A5A25CFAC6B00C16FD6 /* MainViewController.swift in Sources */ = {isa = PBXBuildFile; fileRef = 34948A5925CFAC6B00C16FD6 /* MainViewController.swift */; };
		34948A5D25CFAC6B00C16FD6 /* Main.storyboard in Resources */ = {isa = PBXBuildFile; fileRef = 34948A5B25CFAC6B00C16FD6 /* Main.storyboard */; };
		34948A5F25CFAC6F00C16FD6 /* Assets.xcassets in Resources */ = {isa = PBXBuildFile; fileRef = 34948A5E25CFAC6F00C16FD6 /* Assets.xcassets */; };
		34948A6225CFAC6F00C16FD6 /* LaunchScreen.storyboard in Resources */ = {isa = PBXBuildFile; fileRef = 34948A6025CFAC6F00C16FD6 /* LaunchScreen.storyboard */; };
		34971F3A25DADA8E00B6DBE2 /* UnitAppUtils.swift in Sources */ = {isa = PBXBuildFile; fileRef = 34971F3925DADA8E00B6DBE2 /* UnitAppUtils.swift */; };
		34D573F325CFCDF400DBEE99 /* SettingsViewController.swift in Sources */ = {isa = PBXBuildFile; fileRef = 34D573F225CFCDF400DBEE99 /* SettingsViewController.swift */; };
		34D5740125CFD1BE00DBEE99 /* IntroViewController.swift in Sources */ = {isa = PBXBuildFile; fileRef = 34D5740025CFD1BE00DBEE99 /* IntroViewController.swift */; };
		34D5740825CFDC6700DBEE99 /* ConverterViewController.swift in Sources */ = {isa = PBXBuildFile; fileRef = 34D5740725CFDC6700DBEE99 /* ConverterViewController.swift */; };
		34D5740C25CFDDC600DBEE99 /* WeightConverterViewController.swift in Sources */ = {isa = PBXBuildFile; fileRef = 34D5740B25CFDDC600DBEE99 /* WeightConverterViewController.swift */; };
		34E8187C25D92B17007108BA /* Unit Keyboard.appex in Embed App Extensions */ = {isa = PBXBuildFile; fileRef = 34F8AD3925D8D070004ADB43 /* Unit Keyboard.appex */; settings = {ATTRIBUTES = (RemoveHeadersOnCopy, ); }; };
		34E8188425D985B2007108BA /* TemperatureUnits.swift in Sources */ = {isa = PBXBuildFile; fileRef = 34E8188325D985B2007108BA /* TemperatureUnits.swift */; };
		34EE0DC225DECDE000BA10A8 /* LengthUnits.swift in Sources */ = {isa = PBXBuildFile; fileRef = 34EE0DC125DECDDF00BA10A8 /* LengthUnits.swift */; };
		34F8AD2B25D799E4004ADB43 /* WeightUnits.swift in Sources */ = {isa = PBXBuildFile; fileRef = 34F8AD2A25D799E4004ADB43 /* WeightUnits.swift */; };
		34F8AD2F25D7DA08004ADB43 /* Constants.swift in Sources */ = {isa = PBXBuildFile; fileRef = 34F8AD2E25D7DA08004ADB43 /* Constants.swift */; };
		34F8AD3225D817D4004ADB43 /* Settings.bundle in Resources */ = {isa = PBXBuildFile; fileRef = 34F8AD3125D817D4004ADB43 /* Settings.bundle */; };
		34F8AD3C25D8D070004ADB43 /* KeyboardViewController.swift in Sources */ = {isa = PBXBuildFile; fileRef = 34F8AD3B25D8D070004ADB43 /* KeyboardViewController.swift */; };
		34F8AD5025D8DB2B004ADB43 /* UnitKeyboardStoryboard.storyboard in Resources */ = {isa = PBXBuildFile; fileRef = 34F8AD4F25D8DB2B004ADB43 /* UnitKeyboardStoryboard.storyboard */; };
/* End PBXBuildFile section */

/* Begin PBXContainerItemProxy section */
		34E8187A25D92B0D007108BA /* PBXContainerItemProxy */ = {
			isa = PBXContainerItemProxy;
			containerPortal = 34948A4A25CFAC6B00C16FD6 /* Project object */;
			proxyType = 1;
			remoteGlobalIDString = 34F8AD3825D8D070004ADB43;
			remoteInfo = "Unit Keyboard";
		};
/* End PBXContainerItemProxy section */

/* Begin PBXCopyFilesBuildPhase section */
		34F8AD4425D8D070004ADB43 /* Embed App Extensions */ = {
			isa = PBXCopyFilesBuildPhase;
			buildActionMask = 2147483647;
			dstPath = "";
			dstSubfolderSpec = 13;
			files = (
				34E8187C25D92B17007108BA /* Unit Keyboard.appex in Embed App Extensions */,
			);
			name = "Embed App Extensions";
			runOnlyForDeploymentPostprocessing = 0;
		};
/* End PBXCopyFilesBuildPhase section */

/* Begin PBXFileReference section */
		3401D3A525CFECCC00F9FCD5 /* TemperatureConverterViewController.swift */ = {isa = PBXFileReference; lastKnownFileType = sourcecode.swift; path = TemperatureConverterViewController.swift; sourceTree = "<group>"; };
		3401D3AB25CFED1600F9FCD5 /* LiquidConverterViewController.swift */ = {isa = PBXFileReference; lastKnownFileType = sourcecode.swift; path = LiquidConverterViewController.swift; sourceTree = "<group>"; };
		3401D3AE25CFED3600F9FCD5 /* LengthConverterViewController.swift */ = {isa = PBXFileReference; lastKnownFileType = sourcecode.swift; path = LengthConverterViewController.swift; sourceTree = "<group>"; };
		3401D3B125CFED6A00F9FCD5 /* SpeedConverterViewController.swift */ = {isa = PBXFileReference; lastKnownFileType = sourcecode.swift; path = SpeedConverterViewController.swift; sourceTree = "<group>"; };
		340A383925E0271000B94F66 /* SpeedUnits.swift */ = {isa = PBXFileReference; lastKnownFileType = sourcecode.swift; path = SpeedUnits.swift; sourceTree = "<group>"; };
		340A383D25E0CD8500B94F66 /* HistoryEntry.swift */ = {isa = PBXFileReference; lastKnownFileType = sourcecode.swift; path = HistoryEntry.swift; sourceTree = "<group>"; };
		340A384125E11A2E00B94F66 /* HistorySingleViewController.swift */ = {isa = PBXFileReference; lastKnownFileType = sourcecode.swift; path = HistorySingleViewController.swift; sourceTree = "<group>"; };
		340A384525E15AC100B94F66 /* LiquidUnits.swift */ = {isa = PBXFileReference; lastKnownFileType = sourcecode.swift; path = LiquidUnits.swift; sourceTree = "<group>"; };
		340A384B25E3677800B94F66 /* TabBarViewController.swift */ = {isa = PBXFileReference; lastKnownFileType = sourcecode.swift; path = TabBarViewController.swift; sourceTree = "<group>"; };
		34948A5225CFAC6B00C16FD6 /* UnitConverterApp.app */ = {isa = PBXFileReference; explicitFileType = wrapper.application; includeInIndex = 0; path = UnitConverterApp.app; sourceTree = BUILT_PRODUCTS_DIR; };
		34948A5525CFAC6B00C16FD6 /* AppDelegate.swift */ = {isa = PBXFileReference; lastKnownFileType = sourcecode.swift; path = AppDelegate.swift; sourceTree = "<group>"; };
		34948A5725CFAC6B00C16FD6 /* SceneDelegate.swift */ = {isa = PBXFileReference; lastKnownFileType = sourcecode.swift; path = SceneDelegate.swift; sourceTree = "<group>"; };
		34948A5925CFAC6B00C16FD6 /* MainViewController.swift */ = {isa = PBXFileReference; lastKnownFileType = sourcecode.swift; path = MainViewController.swift; sourceTree = "<group>"; };
		34948A5C25CFAC6B00C16FD6 /* Base */ = {isa = PBXFileReference; lastKnownFileType = file.storyboard; name = Base; path = Base.lproj/Main.storyboard; sourceTree = "<group>"; };
		34948A5E25CFAC6F00C16FD6 /* Assets.xcassets */ = {isa = PBXFileReference; lastKnownFileType = folder.assetcatalog; path = Assets.xcassets; sourceTree = "<group>"; };
		34948A6125CFAC6F00C16FD6 /* Base */ = {isa = PBXFileReference; lastKnownFileType = file.storyboard; name = Base; path = Base.lproj/LaunchScreen.storyboard; sourceTree = "<group>"; };
		34948A6325CFAC6F00C16FD6 /* Info.plist */ = {isa = PBXFileReference; lastKnownFileType = text.plist.xml; path = Info.plist; sourceTree = "<group>"; };
		34971F3925DADA8E00B6DBE2 /* UnitAppUtils.swift */ = {isa = PBXFileReference; lastKnownFileType = sourcecode.swift; path = UnitAppUtils.swift; sourceTree = "<group>"; };
		34D573F225CFCDF400DBEE99 /* SettingsViewController.swift */ = {isa = PBXFileReference; lastKnownFileType = sourcecode.swift; path = SettingsViewController.swift; sourceTree = "<group>"; };
		34D573F525CFCE1100DBEE99 /* HistoryViewController.swift */ = {isa = PBXFileReference; lastKnownFileType = sourcecode.swift; path = HistoryViewController.swift; sourceTree = "<group>"; };
		34D5740025CFD1BE00DBEE99 /* IntroViewController.swift */ = {isa = PBXFileReference; lastKnownFileType = sourcecode.swift; path = IntroViewController.swift; sourceTree = "<group>"; };
		34D5740725CFDC6700DBEE99 /* ConverterViewController.swift */ = {isa = PBXFileReference; lastKnownFileType = sourcecode.swift; path = ConverterViewController.swift; sourceTree = "<group>"; };
		34D5740B25CFDDC600DBEE99 /* WeightConverterViewController.swift */ = {isa = PBXFileReference; lastKnownFileType = sourcecode.swift; path = WeightConverterViewController.swift; sourceTree = "<group>"; };
		34E8188325D985B2007108BA /* TemperatureUnits.swift */ = {isa = PBXFileReference; lastKnownFileType = sourcecode.swift; path = TemperatureUnits.swift; sourceTree = "<group>"; };
		34EE0DC125DECDDF00BA10A8 /* LengthUnits.swift */ = {isa = PBXFileReference; lastKnownFileType = sourcecode.swift; path = LengthUnits.swift; sourceTree = "<group>"; };
		34F8AD2A25D799E4004ADB43 /* WeightUnits.swift */ = {isa = PBXFileReference; lastKnownFileType = sourcecode.swift; path = WeightUnits.swift; sourceTree = "<group>"; };
		34F8AD2E25D7DA08004ADB43 /* Constants.swift */ = {isa = PBXFileReference; lastKnownFileType = sourcecode.swift; path = Constants.swift; sourceTree = "<group>"; };
		34F8AD3125D817D4004ADB43 /* Settings.bundle */ = {isa = PBXFileReference; lastKnownFileType = "wrapper.plug-in"; path = Settings.bundle; sourceTree = "<group>"; };
		34F8AD3925D8D070004ADB43 /* Unit Keyboard.appex */ = {isa = PBXFileReference; explicitFileType = "wrapper.app-extension"; includeInIndex = 0; path = "Unit Keyboard.appex"; sourceTree = BUILT_PRODUCTS_DIR; };
		34F8AD3B25D8D070004ADB43 /* KeyboardViewController.swift */ = {isa = PBXFileReference; lastKnownFileType = sourcecode.swift; path = KeyboardViewController.swift; sourceTree = "<group>"; };
		34F8AD3D25D8D070004ADB43 /* Info.plist */ = {isa = PBXFileReference; lastKnownFileType = text.plist.xml; path = Info.plist; sourceTree = "<group>"; };
		34F8AD4F25D8DB2B004ADB43 /* UnitKeyboardStoryboard.storyboard */ = {isa = PBXFileReference; lastKnownFileType = file.storyboard; path = UnitKeyboardStoryboard.storyboard; sourceTree = "<group>"; };
/* End PBXFileReference section */

/* Begin PBXFrameworksBuildPhase section */
		34948A4F25CFAC6B00C16FD6 /* Frameworks */ = {
			isa = PBXFrameworksBuildPhase;
			buildActionMask = 2147483647;
			files = (
			);
			runOnlyForDeploymentPostprocessing = 0;
		};
		34F8AD3625D8D070004ADB43 /* Frameworks */ = {
			isa = PBXFrameworksBuildPhase;
			buildActionMask = 2147483647;
			files = (
			);
			runOnlyForDeploymentPostprocessing = 0;
		};
/* End PBXFrameworksBuildPhase section */

/* Begin PBXGroup section */
		34948A4925CFAC6B00C16FD6 = {
			isa = PBXGroup;
			children = (
				34948A5425CFAC6B00C16FD6 /* UnitConverterApp */,
				34F8AD3A25D8D070004ADB43 /* Unit Keyboard */,
				34948A5325CFAC6B00C16FD6 /* Products */,
			);
			sourceTree = "<group>";
		};
		34948A5325CFAC6B00C16FD6 /* Products */ = {
			isa = PBXGroup;
			children = (
				34948A5225CFAC6B00C16FD6 /* UnitConverterApp.app */,
				34F8AD3925D8D070004ADB43 /* Unit Keyboard.appex */,
			);
			name = Products;
			sourceTree = "<group>";
		};
		34948A5425CFAC6B00C16FD6 /* UnitConverterApp */ = {
			isa = PBXGroup;
			children = (
				34F8AD2925D7994C004ADB43 /* Structures */,
				34948A6D25CFAD8C00C16FD6 /* Common */,
				34948A6C25CFAD7900C16FD6 /* Models */,
				34948A6B25CFAD6D00C16FD6 /* Controllers */,
				34948A6A25CFAD6000C16FD6 /* Views */,
				34948A6325CFAC6F00C16FD6 /* Info.plist */,
			);
			path = UnitConverterApp;
			sourceTree = "<group>";
		};
		34948A6A25CFAD6000C16FD6 /* Views */ = {
			isa = PBXGroup;
			children = (
				34D573F125CFCD6E00DBEE99 /* StoryboardViews */,
				34948A5E25CFAC6F00C16FD6 /* Assets.xcassets */,
			);
			path = Views;
			sourceTree = "<group>";
		};
		34948A6B25CFAD6D00C16FD6 /* Controllers */ = {
			isa = PBXGroup;
			children = (
				34D5740A25CFDD8E00DBEE99 /* ConverterViewControllers */,
				34D573FE25CFCF1600DBEE99 /* Other */,
				34D573FB25CFCE9A00DBEE99 /* MainTabsControllers */,
			);
			path = Controllers;
			sourceTree = "<group>";
		};
		34948A6C25CFAD7900C16FD6 /* Models */ = {
			isa = PBXGroup;
			children = (
				340A383D25E0CD8500B94F66 /* HistoryEntry.swift */,
			);
			path = Models;
			sourceTree = "<group>";
		};
		34948A6D25CFAD8C00C16FD6 /* Common */ = {
			isa = PBXGroup;
			children = (
				34948A5525CFAC6B00C16FD6 /* AppDelegate.swift */,
				34948A5725CFAC6B00C16FD6 /* SceneDelegate.swift */,
				34F8AD3125D817D4004ADB43 /* Settings.bundle */,
			);
			path = Common;
			sourceTree = "<group>";
		};
		34D573F125CFCD6E00DBEE99 /* StoryboardViews */ = {
			isa = PBXGroup;
			children = (
				34948A5B25CFAC6B00C16FD6 /* Main.storyboard */,
				34948A6025CFAC6F00C16FD6 /* LaunchScreen.storyboard */,
			);
			path = StoryboardViews;
			sourceTree = "<group>";
		};
		34D573FB25CFCE9A00DBEE99 /* MainTabsControllers */ = {
			isa = PBXGroup;
			children = (
				34948A5925CFAC6B00C16FD6 /* MainViewController.swift */,
				34D573F225CFCDF400DBEE99 /* SettingsViewController.swift */,
				34D5740025CFD1BE00DBEE99 /* IntroViewController.swift */,
				34D5740725CFDC6700DBEE99 /* ConverterViewController.swift */,
				340A384125E11A2E00B94F66 /* HistorySingleViewController.swift */,
			);
			path = MainTabsControllers;
			sourceTree = "<group>";
		};
		34D573FE25CFCF1600DBEE99 /* Other */ = {
			isa = PBXGroup;
			children = (
				34971F3925DADA8E00B6DBE2 /* UnitAppUtils.swift */,
				340A384B25E3677800B94F66 /* TabBarViewController.swift */,
			);
			path = Other;
			sourceTree = "<group>";
		};
		34D5740A25CFDD8E00DBEE99 /* ConverterViewControllers */ = {
			isa = PBXGroup;
			children = (
				34D573F525CFCE1100DBEE99 /* HistoryViewController.swift */,
				34D5740B25CFDDC600DBEE99 /* WeightConverterViewController.swift */,
				3401D3A525CFECCC00F9FCD5 /* TemperatureConverterViewController.swift */,
				3401D3AB25CFED1600F9FCD5 /* LiquidConverterViewController.swift */,
				3401D3AE25CFED3600F9FCD5 /* LengthConverterViewController.swift */,
				3401D3B125CFED6A00F9FCD5 /* SpeedConverterViewController.swift */,
			);
			path = ConverterViewControllers;
			sourceTree = "<group>";
		};
		34F8AD2925D7994C004ADB43 /* Structures */ = {
			isa = PBXGroup;
			children = (
				34F8AD2A25D799E4004ADB43 /* WeightUnits.swift */,
				34F8AD2E25D7DA08004ADB43 /* Constants.swift */,
				34E8188325D985B2007108BA /* TemperatureUnits.swift */,
				34EE0DC125DECDDF00BA10A8 /* LengthUnits.swift */,
				340A383925E0271000B94F66 /* SpeedUnits.swift */,
				340A384525E15AC100B94F66 /* LiquidUnits.swift */,
			);
			path = Structures;
			sourceTree = "<group>";
		};
		34F8AD3A25D8D070004ADB43 /* Unit Keyboard */ = {
			isa = PBXGroup;
			children = (
				34F8AD3B25D8D070004ADB43 /* KeyboardViewController.swift */,
				34F8AD3D25D8D070004ADB43 /* Info.plist */,
				34F8AD4F25D8DB2B004ADB43 /* UnitKeyboardStoryboard.storyboard */,
			);
			path = "Unit Keyboard";
			sourceTree = "<group>";
		};
/* End PBXGroup section */

/* Begin PBXNativeTarget section */
		34948A5125CFAC6B00C16FD6 /* UnitConverterApp */ = {
			isa = PBXNativeTarget;
			buildConfigurationList = 34948A6625CFAC6F00C16FD6 /* Build configuration list for PBXNativeTarget "UnitConverterApp" */;
			buildPhases = (
				34948A4E25CFAC6B00C16FD6 /* Sources */,
				34948A4F25CFAC6B00C16FD6 /* Frameworks */,
				34948A5025CFAC6B00C16FD6 /* Resources */,
				34F8AD4425D8D070004ADB43 /* Embed App Extensions */,
			);
			buildRules = (
			);
			dependencies = (
				34E8187B25D92B0D007108BA /* PBXTargetDependency */,
			);
			name = UnitConverterApp;
			productName = UnitConverterApp;
			productReference = 34948A5225CFAC6B00C16FD6 /* UnitConverterApp.app */;
			productType = "com.apple.product-type.application";
		};
		34F8AD3825D8D070004ADB43 /* Unit Keyboard */ = {
			isa = PBXNativeTarget;
			buildConfigurationList = 34F8AD4125D8D070004ADB43 /* Build configuration list for PBXNativeTarget "Unit Keyboard" */;
			buildPhases = (
				34F8AD3525D8D070004ADB43 /* Sources */,
				34F8AD3625D8D070004ADB43 /* Frameworks */,
				34F8AD3725D8D070004ADB43 /* Resources */,
			);
			buildRules = (
			);
			dependencies = (
			);
			name = "Unit Keyboard";
			productName = "Unit Keyboard";
			productReference = 34F8AD3925D8D070004ADB43 /* Unit Keyboard.appex */;
			productType = "com.apple.product-type.app-extension";
		};
/* End PBXNativeTarget section */

/* Begin PBXProject section */
		34948A4A25CFAC6B00C16FD6 /* Project object */ = {
			isa = PBXProject;
			attributes = {
				LastSwiftUpdateCheck = 1240;
				LastUpgradeCheck = 1240;
				TargetAttributes = {
					34948A5125CFAC6B00C16FD6 = {
						CreatedOnToolsVersion = 12.4;
					};
					34F8AD3825D8D070004ADB43 = {
						CreatedOnToolsVersion = 12.4;
					};
				};
			};
			buildConfigurationList = 34948A4D25CFAC6B00C16FD6 /* Build configuration list for PBXProject "UnitConverterApp" */;
			compatibilityVersion = "Xcode 9.3";
			developmentRegion = en;
			hasScannedForEncodings = 0;
			knownRegions = (
				en,
				Base,
			);
			mainGroup = 34948A4925CFAC6B00C16FD6;
			productRefGroup = 34948A5325CFAC6B00C16FD6 /* Products */;
			projectDirPath = "";
			projectRoot = "";
			targets = (
				34948A5125CFAC6B00C16FD6 /* UnitConverterApp */,
				34F8AD3825D8D070004ADB43 /* Unit Keyboard */,
			);
		};
/* End PBXProject section */

/* Begin PBXResourcesBuildPhase section */
		34948A5025CFAC6B00C16FD6 /* Resources */ = {
			isa = PBXResourcesBuildPhase;
			buildActionMask = 2147483647;
			files = (
				34F8AD3225D817D4004ADB43 /* Settings.bundle in Resources */,
				34948A6225CFAC6F00C16FD6 /* LaunchScreen.storyboard in Resources */,
				34948A5F25CFAC6F00C16FD6 /* Assets.xcassets in Resources */,
				34948A5D25CFAC6B00C16FD6 /* Main.storyboard in Resources */,
			);
			runOnlyForDeploymentPostprocessing = 0;
		};
		34F8AD3725D8D070004ADB43 /* Resources */ = {
			isa = PBXResourcesBuildPhase;
			buildActionMask = 2147483647;
			files = (
				34F8AD5025D8DB2B004ADB43 /* UnitKeyboardStoryboard.storyboard in Resources */,
			);
			runOnlyForDeploymentPostprocessing = 0;
		};
/* End PBXResourcesBuildPhase section */

/* Begin PBXSourcesBuildPhase section */
		34948A4E25CFAC6B00C16FD6 /* Sources */ = {
			isa = PBXSourcesBuildPhase;
			buildActionMask = 2147483647;
			files = (
				34948A5A25CFAC6B00C16FD6 /* MainViewController.swift in Sources */,
				340A383E25E0CD8500B94F66 /* HistoryEntry.swift in Sources */,
				340A384C25E3677800B94F66 /* TabBarViewController.swift in Sources */,
				34948A5625CFAC6B00C16FD6 /* AppDelegate.swift in Sources */,
				34E8188425D985B2007108BA /* TemperatureUnits.swift in Sources */,
				344245DA25E4A52F000FBD45 /* HistoryViewController.swift in Sources */,
				34948A5825CFAC6B00C16FD6 /* SceneDelegate.swift in Sources */,
				3401D3AF25CFED3600F9FCD5 /* LengthConverterViewController.swift in Sources */,
				3401D3AC25CFED1600F9FCD5 /* LiquidConverterViewController.swift in Sources */,
				340A384225E11A2E00B94F66 /* HistorySingleViewController.swift in Sources */,
				34F8AD2F25D7DA08004ADB43 /* Constants.swift in Sources */,
				34EE0DC225DECDE000BA10A8 /* LengthUnits.swift in Sources */,
				34971F3A25DADA8E00B6DBE2 /* UnitAppUtils.swift in Sources */,
				3401D3A625CFECCC00F9FCD5 /* TemperatureConverterViewController.swift in Sources */,
				34D5740125CFD1BE00DBEE99 /* IntroViewController.swift in Sources */,
				3401D3B225CFED6A00F9FCD5 /* SpeedConverterViewController.swift in Sources */,
				34D5740825CFDC6700DBEE99 /* ConverterViewController.swift in Sources */,
				340A383A25E0271000B94F66 /* SpeedUnits.swift in Sources */,
				34D573F325CFCDF400DBEE99 /* SettingsViewController.swift in Sources */,
				340A384625E15AC100B94F66 /* LiquidUnits.swift in Sources */,
				34D5740C25CFDDC600DBEE99 /* WeightConverterViewController.swift in Sources */,
				34F8AD2B25D799E4004ADB43 /* WeightUnits.swift in Sources */,
			);
			runOnlyForDeploymentPostprocessing = 0;
		};
		34F8AD3525D8D070004ADB43 /* Sources */ = {
			isa = PBXSourcesBuildPhase;
			buildActionMask = 2147483647;
			files = (
				34F8AD3C25D8D070004ADB43 /* KeyboardViewController.swift in Sources */,
			);
			runOnlyForDeploymentPostprocessing = 0;
		};
/* End PBXSourcesBuildPhase section */

/* Begin PBXTargetDependency section */
		34E8187B25D92B0D007108BA /* PBXTargetDependency */ = {
			isa = PBXTargetDependency;
			target = 34F8AD3825D8D070004ADB43 /* Unit Keyboard */;
			targetProxy = 34E8187A25D92B0D007108BA /* PBXContainerItemProxy */;
		};
/* End PBXTargetDependency section */

/* Begin PBXVariantGroup section */
		34948A5B25CFAC6B00C16FD6 /* Main.storyboard */ = {
			isa = PBXVariantGroup;
			children = (
				34948A5C25CFAC6B00C16FD6 /* Base */,
			);
			name = Main.storyboard;
			sourceTree = "<group>";
		};
		34948A6025CFAC6F00C16FD6 /* LaunchScreen.storyboard */ = {
			isa = PBXVariantGroup;
			children = (
				34948A6125CFAC6F00C16FD6 /* Base */,
			);
			name = LaunchScreen.storyboard;
			sourceTree = "<group>";
		};
/* End PBXVariantGroup section */

/* Begin XCBuildConfiguration section */
		34948A6425CFAC6F00C16FD6 /* Debug */ = {
			isa = XCBuildConfiguration;
			buildSettings = {
				ALWAYS_SEARCH_USER_PATHS = NO;
				CLANG_ANALYZER_NONNULL = YES;
				CLANG_ANALYZER_NUMBER_OBJECT_CONVERSION = YES_AGGRESSIVE;
				CLANG_CXX_LANGUAGE_STANDARD = "gnu++14";
				CLANG_CXX_LIBRARY = "libc++";
				CLANG_ENABLE_MODULES = YES;
				CLANG_ENABLE_OBJC_ARC = YES;
				CLANG_ENABLE_OBJC_WEAK = YES;
				CLANG_WARN_BLOCK_CAPTURE_AUTORELEASING = YES;
				CLANG_WARN_BOOL_CONVERSION = YES;
				CLANG_WARN_COMMA = YES;
				CLANG_WARN_CONSTANT_CONVERSION = YES;
				CLANG_WARN_DEPRECATED_OBJC_IMPLEMENTATIONS = YES;
				CLANG_WARN_DIRECT_OBJC_ISA_USAGE = YES_ERROR;
				CLANG_WARN_DOCUMENTATION_COMMENTS = YES;
				CLANG_WARN_EMPTY_BODY = YES;
				CLANG_WARN_ENUM_CONVERSION = YES;
				CLANG_WARN_INFINITE_RECURSION = YES;
				CLANG_WARN_INT_CONVERSION = YES;
				CLANG_WARN_NON_LITERAL_NULL_CONVERSION = YES;
				CLANG_WARN_OBJC_IMPLICIT_RETAIN_SELF = YES;
				CLANG_WARN_OBJC_LITERAL_CONVERSION = YES;
				CLANG_WARN_OBJC_ROOT_CLASS = YES_ERROR;
				CLANG_WARN_QUOTED_INCLUDE_IN_FRAMEWORK_HEADER = YES;
				CLANG_WARN_RANGE_LOOP_ANALYSIS = YES;
				CLANG_WARN_STRICT_PROTOTYPES = YES;
				CLANG_WARN_SUSPICIOUS_MOVE = YES;
				CLANG_WARN_UNGUARDED_AVAILABILITY = YES_AGGRESSIVE;
				CLANG_WARN_UNREACHABLE_CODE = YES;
				CLANG_WARN__DUPLICATE_METHOD_MATCH = YES;
				COPY_PHASE_STRIP = NO;
				DEBUG_INFORMATION_FORMAT = dwarf;
				ENABLE_STRICT_OBJC_MSGSEND = YES;
				ENABLE_TESTABILITY = YES;
				GCC_C_LANGUAGE_STANDARD = gnu11;
				GCC_DYNAMIC_NO_PIC = NO;
				GCC_NO_COMMON_BLOCKS = YES;
				GCC_OPTIMIZATION_LEVEL = 0;
				GCC_PREPROCESSOR_DEFINITIONS = (
					"DEBUG=1",
					"$(inherited)",
				);
				GCC_WARN_64_TO_32_BIT_CONVERSION = YES;
				GCC_WARN_ABOUT_RETURN_TYPE = YES_ERROR;
				GCC_WARN_UNDECLARED_SELECTOR = YES;
				GCC_WARN_UNINITIALIZED_AUTOS = YES_AGGRESSIVE;
				GCC_WARN_UNUSED_FUNCTION = YES;
				GCC_WARN_UNUSED_VARIABLE = YES;
				IPHONEOS_DEPLOYMENT_TARGET = 14.4;
				MTL_ENABLE_DEBUG_INFO = INCLUDE_SOURCE;
				MTL_FAST_MATH = YES;
				ONLY_ACTIVE_ARCH = YES;
				SDKROOT = iphoneos;
				SWIFT_ACTIVE_COMPILATION_CONDITIONS = DEBUG;
				SWIFT_OPTIMIZATION_LEVEL = "-Onone";
			};
			name = Debug;
		};
		34948A6525CFAC6F00C16FD6 /* Release */ = {
			isa = XCBuildConfiguration;
			buildSettings = {
				ALWAYS_SEARCH_USER_PATHS = NO;
				CLANG_ANALYZER_NONNULL = YES;
				CLANG_ANALYZER_NUMBER_OBJECT_CONVERSION = YES_AGGRESSIVE;
				CLANG_CXX_LANGUAGE_STANDARD = "gnu++14";
				CLANG_CXX_LIBRARY = "libc++";
				CLANG_ENABLE_MODULES = YES;
				CLANG_ENABLE_OBJC_ARC = YES;
				CLANG_ENABLE_OBJC_WEAK = YES;
				CLANG_WARN_BLOCK_CAPTURE_AUTORELEASING = YES;
				CLANG_WARN_BOOL_CONVERSION = YES;
				CLANG_WARN_COMMA = YES;
				CLANG_WARN_CONSTANT_CONVERSION = YES;
				CLANG_WARN_DEPRECATED_OBJC_IMPLEMENTATIONS = YES;
				CLANG_WARN_DIRECT_OBJC_ISA_USAGE = YES_ERROR;
				CLANG_WARN_DOCUMENTATION_COMMENTS = YES;
				CLANG_WARN_EMPTY_BODY = YES;
				CLANG_WARN_ENUM_CONVERSION = YES;
				CLANG_WARN_INFINITE_RECURSION = YES;
				CLANG_WARN_INT_CONVERSION = YES;
				CLANG_WARN_NON_LITERAL_NULL_CONVERSION = YES;
				CLANG_WARN_OBJC_IMPLICIT_RETAIN_SELF = YES;
				CLANG_WARN_OBJC_LITERAL_CONVERSION = YES;
				CLANG_WARN_OBJC_ROOT_CLASS = YES_ERROR;
				CLANG_WARN_QUOTED_INCLUDE_IN_FRAMEWORK_HEADER = YES;
				CLANG_WARN_RANGE_LOOP_ANALYSIS = YES;
				CLANG_WARN_STRICT_PROTOTYPES = YES;
				CLANG_WARN_SUSPICIOUS_MOVE = YES;
				CLANG_WARN_UNGUARDED_AVAILABILITY = YES_AGGRESSIVE;
				CLANG_WARN_UNREACHABLE_CODE = YES;
				CLANG_WARN__DUPLICATE_METHOD_MATCH = YES;
				COPY_PHASE_STRIP = NO;
				DEBUG_INFORMATION_FORMAT = "dwarf-with-dsym";
				ENABLE_NS_ASSERTIONS = NO;
				ENABLE_STRICT_OBJC_MSGSEND = YES;
				GCC_C_LANGUAGE_STANDARD = gnu11;
				GCC_NO_COMMON_BLOCKS = YES;
				GCC_WARN_64_TO_32_BIT_CONVERSION = YES;
				GCC_WARN_ABOUT_RETURN_TYPE = YES_ERROR;
				GCC_WARN_UNDECLARED_SELECTOR = YES;
				GCC_WARN_UNINITIALIZED_AUTOS = YES_AGGRESSIVE;
				GCC_WARN_UNUSED_FUNCTION = YES;
				GCC_WARN_UNUSED_VARIABLE = YES;
				IPHONEOS_DEPLOYMENT_TARGET = 14.4;
				MTL_ENABLE_DEBUG_INFO = NO;
				MTL_FAST_MATH = YES;
				SDKROOT = iphoneos;
				SWIFT_COMPILATION_MODE = wholemodule;
				SWIFT_OPTIMIZATION_LEVEL = "-O";
				VALIDATE_PRODUCT = YES;
			};
			name = Release;
		};
		34948A6725CFAC6F00C16FD6 /* Debug */ = {
			isa = XCBuildConfiguration;
			buildSettings = {
				ALWAYS_EMBED_SWIFT_STANDARD_LIBRARIES = YES;
				ASSETCATALOG_COMPILER_APPICON_NAME = AppIcon;
				ASSETCATALOG_COMPILER_GLOBAL_ACCENT_COLOR_NAME = AccentColor;
				CODE_SIGN_STYLE = Automatic;
				DEVELOPMENT_TEAM = M47BLZK2G4;
				INFOPLIST_FILE = UnitConverterApp/Info.plist;
				LD_RUNPATH_SEARCH_PATHS = (
					"$(inherited)",
					"@executable_path/Frameworks",
				);
				PRODUCT_BUNDLE_IDENTIFIER = uk.ac.westminster.UnitConverterApp;
				PRODUCT_NAME = "$(TARGET_NAME)";
				SWIFT_VERSION = 5.0;
				TARGETED_DEVICE_FAMILY = "1,2";
			};
			name = Debug;
		};
		34948A6825CFAC6F00C16FD6 /* Release */ = {
			isa = XCBuildConfiguration;
			buildSettings = {
				ALWAYS_EMBED_SWIFT_STANDARD_LIBRARIES = YES;
				ASSETCATALOG_COMPILER_APPICON_NAME = AppIcon;
				ASSETCATALOG_COMPILER_GLOBAL_ACCENT_COLOR_NAME = AccentColor;
				CODE_SIGN_STYLE = Automatic;
				DEVELOPMENT_TEAM = M47BLZK2G4;
				INFOPLIST_FILE = UnitConverterApp/Info.plist;
				LD_RUNPATH_SEARCH_PATHS = (
					"$(inherited)",
					"@executable_path/Frameworks",
				);
				PRODUCT_BUNDLE_IDENTIFIER = uk.ac.westminster.UnitConverterApp;
				PRODUCT_NAME = "$(TARGET_NAME)";
				SWIFT_VERSION = 5.0;
				TARGETED_DEVICE_FAMILY = "1,2";
			};
			name = Release;
		};
		34F8AD4225D8D070004ADB43 /* Debug */ = {
			isa = XCBuildConfiguration;
			buildSettings = {
				CODE_SIGN_STYLE = Automatic;
				DEVELOPMENT_TEAM = M47BLZK2G4;
				INFOPLIST_FILE = "Unit Keyboard/Info.plist";
				LD_RUNPATH_SEARCH_PATHS = (
					"$(inherited)",
					"@executable_path/Frameworks",
					"@executable_path/../../Frameworks",
				);
				PRODUCT_BUNDLE_IDENTIFIER = "uk.ac.westminster.UnitConverterApp.Unit-Keyboard";
				PRODUCT_NAME = "$(TARGET_NAME)";
				SKIP_INSTALL = YES;
				SWIFT_VERSION = 5.0;
				TARGETED_DEVICE_FAMILY = "1,2";
			};
			name = Debug;
		};
		34F8AD4325D8D070004ADB43 /* Release */ = {
			isa = XCBuildConfiguration;
			buildSettings = {
				CODE_SIGN_STYLE = Automatic;
				DEVELOPMENT_TEAM = M47BLZK2G4;
				INFOPLIST_FILE = "Unit Keyboard/Info.plist";
				LD_RUNPATH_SEARCH_PATHS = (
					"$(inherited)",
					"@executable_path/Frameworks",
					"@executable_path/../../Frameworks",
				);
				PRODUCT_BUNDLE_IDENTIFIER = "uk.ac.westminster.UnitConverterApp.Unit-Keyboard";
				PRODUCT_NAME = "$(TARGET_NAME)";
				SKIP_INSTALL = YES;
				SWIFT_VERSION = 5.0;
				TARGETED_DEVICE_FAMILY = "1,2";
			};
			name = Release;
		};
/* End XCBuildConfiguration section */

/* Begin XCConfigurationList section */
		34948A4D25CFAC6B00C16FD6 /* Build configuration list for PBXProject "UnitConverterApp" */ = {
			isa = XCConfigurationList;
			buildConfigurations = (
				34948A6425CFAC6F00C16FD6 /* Debug */,
				34948A6525CFAC6F00C16FD6 /* Release */,
			);
			defaultConfigurationIsVisible = 0;
			defaultConfigurationName = Release;
		};
		34948A6625CFAC6F00C16FD6 /* Build configuration list for PBXNativeTarget "UnitConverterApp" */ = {
			isa = XCConfigurationList;
			buildConfigurations = (
				34948A6725CFAC6F00C16FD6 /* Debug */,
				34948A6825CFAC6F00C16FD6 /* Release */,
			);
			defaultConfigurationIsVisible = 0;
			defaultConfigurationName = Release;
		};
		34F8AD4125D8D070004ADB43 /* Build configuration list for PBXNativeTarget "Unit Keyboard" */ = {
			isa = XCConfigurationList;
			buildConfigurations = (
				34F8AD4225D8D070004ADB43 /* Debug */,
				34F8AD4325D8D070004ADB43 /* Release */,
			);
			defaultConfigurationIsVisible = 0;
			defaultConfigurationName = Release;
		};
/* End XCConfigurationList section */
	};
	rootObject = 34948A4A25CFAC6B00C16FD6 /* Project object */;
}
